
Microsoft Visual Studio Solution File, Format Version 12.00
# Visual Studio Version 17
VisualStudioVersion = 17.3.32819.101
MinimumVisualStudioVersion = 10.0.40219.1
Project("{FAE04EC0-301F-11D3-BF4B-00C04F79EFBC}") = "WhatIsYourName", "WhatIsYourName\WhatIsYourName.csproj", "{7069876B-2E8A-459C-A884-218951EC1010}"
EndProject
Global
	GlobalSection(SolutionConfigurationPlatforms) = preSolution
		Debug|Any CPU = Debug|Any CPU
		Release|Any CPU = Release|Any CPU
	EndGlobalSection
	GlobalSection(ProjectConfigurationPlatforms) = postSolution
		{7069876B-2E8A-459C-A884-218951EC1010}.Debug|Any CPU.ActiveCfg = Debug|Any CPU
		{7069876B-2E8A-459C-A884-218951EC1010}.Debug|Any CPU.Build.0 = Debug|Any CPU
		{7069876B-2E8A-459C-A884-218951EC1010}.Release|Any CPU.ActiveCfg = Release|Any CPU
		{7069876B-2E8A-459C-A884-218951EC1010}.Release|Any CPU.Build.0 = Release|Any CPU
	EndGlobalSection
	GlobalSection(SolutionProperties) = preSolution
		HideSolutionNode = FALSE
	EndGlobalSection
	GlobalSection(ExtensibilityGlobals) = postSolution
		SolutionGuid = {417A2D5B-911C-4340-A4CE-32E755AE226C}
	EndGlobalSection
EndGlobal
